
Microsoft Visual Studio Solution File, Format Version 12.00
# Visual Studio Version 17
VisualStudioVersion = 17.11.35327.3
MinimumVisualStudioVersion = 10.0.40219.1
Project("{FAE04EC0-301F-11D3-BF4B-00C04F79EFBC}") = "logica02", "logica02.csproj", "{792A8040-B12B-4126-8B55-6A725FA659C0}"
EndProject
Global
	GlobalSection(SolutionConfigurationPlatforms) = preSolution
		Debug|Any CPU = Debug|Any CPU
		Release|Any CPU = Release|Any CPU
	EndGlobalSection
	GlobalSection(ProjectConfigurationPlatforms) = postSolution
		{792A8040-B12B-4126-8B55-6A725FA659C0}.Debug|Any CPU.ActiveCfg = Debug|Any CPU
		{792A8040-B12B-4126-8B55-6A725FA659C0}.Debug|Any CPU.Build.0 = Debug|Any CPU
		{792A8040-B12B-4126-8B55-6A725FA659C0}.Release|Any CPU.ActiveCfg = Release|Any CPU
		{792A8040-B12B-4126-8B55-6A725FA659C0}.Release|Any CPU.Build.0 = Release|Any CPU
	EndGlobalSection
	GlobalSection(SolutionProperties) = preSolution
		HideSolutionNode = FALSE
	EndGlobalSection
	GlobalSection(ExtensibilityGlobals) = postSolution
		SolutionGuid = {F513C628-74A0-4E14-B1DA-F4F91C66462B}
	EndGlobalSection
EndGlobal
